{"1.2.0",
[{<<"base64url">>,{pkg,<<"base64url">>,<<"1.0.1">>},0},
 {<<"cowboy">>,{pkg,<<"cowboy">>,<<"2.14.2">>},0},
 {<<"cowlib">>,{pkg,<<"cowlib">>,<<"2.16.0">>},1},
 {<<"enats">>,{pkg,<<"enats">>,<<"1.2.0">>},0},
 {<<"enats_msg">>,{pkg,<<"enats_msg">>,<<"1.0.3">>},1},
 {<<"ezstd">>,{pkg,<<"ezstd">>,<<"1.1.0">>},0},
 {<<"jose">>,{pkg,<<"jose">>,<<"1.11.10">>},0},
 {<<"opentelemetry_api">>,{pkg,<<"opentelemetry_api">>,<<"1.4.0">>},1},
 {<<"ranch">>,{pkg,<<"ranch">>,<<"2.2.0">>},1}]}.
[
{pkg_hash,[
 {<<"base64url">>, <<"F8C7F2DA04CA9A5D0F5F50258F055E1D699F0E8BF4CFDB30B750865368403CF6">>},
 {<<"cowboy">>, <<"4008BE1DF6ADE45E4F2A4E9E2D22B36D0B5ABA4E20B0A0D7049E28D124E34847">>},
 {<<"cowlib">>, <<"54592074EBBBB92EE4746C8A8846E5605052F29309D3A873468D76CDF932076F">>},
 {<<"enats">>, <<"D7459C804013CAFA4AF880B18D446C48890D28D372D62AD66C76187E5779248D">>},
 {<<"enats_msg">>, <<"50631124F37D88BE76A91A5B96A6565C5981EBF917CD819F0175CA658A966F43">>},
 {<<"ezstd">>, <<"D3B483D6ACFADFB65DBA4015371E6D54526DBF3D9EF0941B5ADD8BF5890731F4">>},
 {<<"jose">>, <<"A903F5227417BD2A08C8A00A0CBCC458118BE84480955E8D251297A425723F83">>},
 {<<"opentelemetry_api">>, <<"63CA1742F92F00059298F478048DFB826F4B20D49534493D6919A0DB39B6DB04">>},
 {<<"ranch">>, <<"25528F82BC8D7C6152C57666CA99EC716510FE0925CB188172F41CE93117B1B0">>}]},
{pkg_hash_ext,[
 {<<"base64url">>, <<"F9B3ADD4731A02A9B0410398B475B33E7566A695365237A6BDEE1BB447719F5C">>},
 {<<"cowboy">>, <<"569081DA046E7B41B5DF36AA359BE71A0C8874E5B9CFF6F747073FC57BAF1AB9">>},
 {<<"cowlib">>, <<"7F478D80D66B747344F0EA7708C187645CFCC08B11AA424632F78E25BF05DB51">>},
 {<<"enats">>, <<"20DEB3CB1D3E960194DF8B136C40D2DB085B485BBA5E493B340AB5F9FD2BED22">>},
 {<<"enats_msg">>, <<"C4F2139E5144FABC99AFE01B8B016AD9DA278CDDC60857AC5D5AFB0AD1283534">>},
 {<<"ezstd">>, <<"28CFA0ED6CC3922095AD5BA0F23392A1664273358B17184BAA909868361184E7">>},
 {<<"jose">>, <<"0D6CD36FF8BA174DB29148FC112B5842186B68A90CE9FC2B3EC3AFE76593E614">>},
 {<<"opentelemetry_api">>, <<"3DFBBFAA2C2ED3121C5C483162836C4F9027DEF469C41578AF5EF32589FCFC58">>},
 {<<"ranch">>, <<"FA0B99A1780C80218A4197A59EA8D3BDAE32FBFF7E88527D7D8A4787EFF4F8E7">>}]}
].
